
Microsoft Visual Studio Solution File, Format Version 12.00
# Visual Studio Version 16
VisualStudioVersion = 16.0.31321.278
MinimumVisualStudioVersion = 10.0.40219.1
Project("{FAE04EC0-301F-11D3-BF4B-00C04F79EFBC}") = "1st_lab_kop", "1st_lab_kop\1st_lab_kop.csproj", "{D0942613-2324-44E1-835F-78986580F62D}"
EndProject
Global
	GlobalSection(SolutionConfigurationPlatforms) = preSolution
		Debug|Any CPU = Debug|Any CPU
		Release|Any CPU = Release|Any CPU
	EndGlobalSection
	GlobalSection(ProjectConfigurationPlatforms) = postSolution
		{D0942613-2324-44E1-835F-78986580F62D}.Debug|Any CPU.ActiveCfg = Debug|Any CPU
		{D0942613-2324-44E1-835F-78986580F62D}.Debug|Any CPU.Build.0 = Debug|Any CPU
		{D0942613-2324-44E1-835F-78986580F62D}.Release|Any CPU.ActiveCfg = Release|Any CPU
		{D0942613-2324-44E1-835F-78986580F62D}.Release|Any CPU.Build.0 = Release|Any CPU
	EndGlobalSection
	GlobalSection(SolutionProperties) = preSolution
		HideSolutionNode = FALSE
	EndGlobalSection
	GlobalSection(ExtensibilityGlobals) = postSolution
		SolutionGuid = {CDA9FB1A-FA7E-4F31-804B-24DE88DF36EB}
	EndGlobalSection
EndGlobal
